<?xml version="1.0" encoding="utf-8"?>
<Project ToolsVersion="4.0" xmlns="http://schemas.microsoft.com/developer/msbuild/2003">
  <ItemGroup>
    <Filter Include="소스 파일">
      <UniqueIdentifier>{4FC737F1-C7A5-4376-A066-2A32D752A2FF}</UniqueIdentifier>
      <Extensions>cpp;c;cc;cxx;c++;cppm;ixx;def;odl;idl;hpj;bat;asm;asmx</Extensions>
    </Filter>
    <Filter Include="헤더 파일">
      <UniqueIdentifier>{93995380-89BD-4b04-88EB-625FBE52EBFB}</UniqueIdentifier>
      <Extensions>h;hh;hpp;hxx;h++;hm;inl;inc;ipp;xsd</Extensions>
    </Filter>
    <Filter Include="리소스 파일">
      <UniqueIdentifier>{67DA6AB6-F800-4c08-8B7A-83BB121AAD01}</UniqueIdentifier>
      <Extensions>rc;ico;cur;bmp;dlg;rc2;rct;bin;rgs;gif;jpg;jpeg;jpe;resx;tiff;tif;png;wav;mfcribbon-ms</Extensions>
    </Filter>
    <Filter Include="헤더 파일\Include">
      <UniqueIdentifier>{684073ae-0605-4e14-9cbd-99a49291be81}</UniqueIdentifier>
    </Filter>
    <Filter Include="소스 파일\00.MainUpdate">
      <UniqueIdentifier>{8281a90c-c6a5-4526-bde1-8c72b59a84b9}</UniqueIdentifier>
    </Filter>
    <Filter Include="소스 파일\99.Manager">
      <UniqueIdentifier>{1b83a19c-336f-46d5-ad13-32efa3e357f3}</UniqueIdentifier>
    </Filter>
    <Filter Include="소스 파일\99.Manager\SceneManager">
      <UniqueIdentifier>{ec629ac9-953c-4865-b5c0-fb92c8b39bf9}</UniqueIdentifier>
    </Filter>
    <Filter Include="소스 파일\99.Manager\CursorManager">
      <UniqueIdentifier>{fa6d97a8-70e8-4bc6-9f8d-ed778b219675}</UniqueIdentifier>
    </Filter>
    <Filter Include="소스 파일\01.Scene">
      <UniqueIdentifier>{c7ff7425-9804-4e39-b300-d08757b0e6ca}</UniqueIdentifier>
    </Filter>
    <Filter Include="소스 파일\01.Scene\Logo">
      <UniqueIdentifier>{3aee61a7-0a5b-4276-9ee8-111355a0ed6e}</UniqueIdentifier>
    </Filter>
    <Filter Include="소스 파일\01.Scene\Menu">
      <UniqueIdentifier>{cd2a1338-7648-4797-9418-73c42423a7c7}</UniqueIdentifier>
    </Filter>
    <Filter Include="소스 파일\01.Scene\Stage">
      <UniqueIdentifier>{f9b809c8-c585-46c0-8395-5bc499c95403}</UniqueIdentifier>
    </Filter>
    <Filter Include="소스 파일\01.Scene\Logo\LogoImage">
      <UniqueIdentifier>{4fb5e354-2b83-472a-81bd-e2048a7c8cd4}</UniqueIdentifier>
    </Filter>
    <Filter Include="소스 파일\99.Manager\InputManager">
      <UniqueIdentifier>{7e465dbf-afb0-4264-bb2e-b0fa44239fcf}</UniqueIdentifier>
    </Filter>
    <Filter Include="소스 파일\99.Manager\BackGround">
      <UniqueIdentifier>{83a33279-085c-4abe-a9ce-f2a8653e1b74}</UniqueIdentifier>
    </Filter>
    <Filter Include="소스 파일\99.Manager\BackGround\BGIcon">
      <UniqueIdentifier>{fc8ef1a9-a379-4b73-8008-e8ff231ded7c}</UniqueIdentifier>
    </Filter>
    <Filter Include="소스 파일\01.Scene\Option">
      <UniqueIdentifier>{17ca44dc-37c1-467d-b3ae-4757f647abe5}</UniqueIdentifier>
    </Filter>
    <Filter Include="소스 파일\01.Scene\WeaponSelect">
      <UniqueIdentifier>{a549bab9-92a4-43c7-a061-8d8ead45d457}</UniqueIdentifier>
    </Filter>
    <Filter Include="소스 파일\01.Scene\WarningSelection">
      <UniqueIdentifier>{39659dc9-ee8a-4f85-b3f9-89354827e22c}</UniqueIdentifier>
    </Filter>
    <Filter Include="소스 파일\99.Manager\UserInstance">
      <UniqueIdentifier>{e00e277c-1643-49a1-be83-710e4bd8663d}</UniqueIdentifier>
    </Filter>
    <Filter Include="소스 파일\02.Object">
      <UniqueIdentifier>{89798edc-291f-4203-aa05-20f55473f705}</UniqueIdentifier>
    </Filter>
    <Filter Include="소스 파일\02.Object\Player">
      <UniqueIdentifier>{920bea4a-a5f4-4acd-b920-0830c1d97af1}</UniqueIdentifier>
    </Filter>
    <Filter Include="소스 파일\98.Pattern">
      <UniqueIdentifier>{1541806e-e169-41e3-ab4a-6a2014b46e60}</UniqueIdentifier>
    </Filter>
    <Filter Include="소스 파일\98.Pattern\Proto">
      <UniqueIdentifier>{3ba2d55c-75cb-4f72-bf10-c7cfbdd1856b}</UniqueIdentifier>
    </Filter>
    <Filter Include="소스 파일\02.Object\Bullet">
      <UniqueIdentifier>{a5610b2e-3511-469c-bac4-b726179331a4}</UniqueIdentifier>
    </Filter>
    <Filter Include="소스 파일\02.Object\Enemy">
      <UniqueIdentifier>{3c2f754b-b138-4f99-b8aa-a99a09991707}</UniqueIdentifier>
    </Filter>
    <Filter Include="소스 파일\02.Object\Enemy\ENormal">
      <UniqueIdentifier>{48606c89-323c-41d7-8223-23ebf5e809b6}</UniqueIdentifier>
    </Filter>
    <Filter Include="소스 파일\02.Object\Enemy\EBig">
      <UniqueIdentifier>{3dc9a9fd-79d7-45b0-9084-e69486805af2}</UniqueIdentifier>
    </Filter>
    <Filter Include="소스 파일\02.Object\Enemy\ESmall">
      <UniqueIdentifier>{247e7484-689b-445a-9acf-eaa7d0c67442}</UniqueIdentifier>
    </Filter>
    <Filter Include="소스 파일\02.Object\Enemy\EBoss">
      <UniqueIdentifier>{a1a323c3-06ca-479c-9178-2e9c44201943}</UniqueIdentifier>
    </Filter>
    <Filter Include="소스 파일\98.Pattern\ObjectPool">
      <UniqueIdentifier>{5d5a2786-9160-4bff-9de7-19c4c366bd22}</UniqueIdentifier>
    </Filter>
    <Filter Include="소스 파일\99.Manager\ObjectManager">
      <UniqueIdentifier>{da21f5cc-e4b7-4c11-b446-ce53bd0d8594}</UniqueIdentifier>
    </Filter>
    <Filter Include="소스 파일\02.Object\Bullet\BulletBridge">
      <UniqueIdentifier>{2216a7b0-8ee1-4f2d-bb6c-c1b3d8e77460}</UniqueIdentifier>
    </Filter>
    <Filter Include="소스 파일\02.Object\Bullet\BulletBridge\LaserBullet">
      <UniqueIdentifier>{42563bed-ae89-4070-a5b8-b7331eb777b1}</UniqueIdentifier>
    </Filter>
    <Filter Include="소스 파일\02.Object\Bullet\BulletBridge\NomalBullet">
      <UniqueIdentifier>{2e3c421b-a8a9-443d-bc1b-3bad2db419de}</UniqueIdentifier>
    </Filter>
    <Filter Include="소스 파일\99.Manager\ObjectFactory">
      <UniqueIdentifier>{7da3bddf-0d23-43f5-98fb-210959cdfeaa}</UniqueIdentifier>
    </Filter>
    <Filter Include="소스 파일\99.Manager\MathManager">
      <UniqueIdentifier>{0db98196-359a-4723-9a5e-3734da2e8f07}</UniqueIdentifier>
    </Filter>
  </ItemGroup>
  <ItemGroup>
    <ClCompile Include="Main.cpp">
      <Filter>소스 파일</Filter>
    </ClCompile>
    <ClCompile Include="MainUpdate.cpp">
      <Filter>소스 파일\00.MainUpdate</Filter>
    </ClCompile>
    <ClCompile Include="SceneManager.cpp">
      <Filter>소스 파일\99.Manager\SceneManager</Filter>
    </ClCompile>
    <ClCompile Include="CursorManager.cpp">
      <Filter>소스 파일\99.Manager\CursorManager</Filter>
    </ClCompile>
    <ClCompile Include="Scene.cpp">
      <Filter>소스 파일\01.Scene</Filter>
    </ClCompile>
    <ClCompile Include="Logo.cpp">
      <Filter>소스 파일\01.Scene\Logo</Filter>
    </ClCompile>
    <ClCompile Include="InputManager.cpp">
      <Filter>소스 파일\99.Manager\InputManager</Filter>
    </ClCompile>
    <ClCompile Include="Menu.cpp">
      <Filter>소스 파일\01.Scene\Menu</Filter>
    </ClCompile>
    <ClCompile Include="BackGround.cpp">
      <Filter>소스 파일\99.Manager\BackGround</Filter>
    </ClCompile>
    <ClCompile Include="BGIcon.cpp">
      <Filter>소스 파일\99.Manager\BackGround\BGIcon</Filter>
    </ClCompile>
    <ClCompile Include="LogoImage.cpp">
      <Filter>소스 파일\01.Scene\Logo\LogoImage</Filter>
    </ClCompile>
    <ClCompile Include="Warning.cpp">
      <Filter>소스 파일\01.Scene\WarningSelection</Filter>
    </ClCompile>
    <ClCompile Include="WeaponSelect.cpp">
      <Filter>소스 파일\01.Scene\WeaponSelect</Filter>
    </ClCompile>
    <ClCompile Include="UserInstance.cpp">
      <Filter>소스 파일\99.Manager\UserInstance</Filter>
    </ClCompile>
    <ClCompile Include="Object.cpp">
      <Filter>소스 파일\02.Object</Filter>
    </ClCompile>
    <ClCompile Include="Player.cpp">
      <Filter>소스 파일\02.Object\Player</Filter>
    </ClCompile>
    <ClCompile Include="Prototype.cpp">
      <Filter>소스 파일\98.Pattern\Proto</Filter>
    </ClCompile>
    <ClCompile Include="NormalBullet.cpp">
      <Filter>소스 파일\02.Object\Bullet\BulletBridge\NomalBullet</Filter>
    </ClCompile>
    <ClCompile Include="Enemy.cpp">
      <Filter>소스 파일\02.Object\Enemy</Filter>
    </ClCompile>
    <ClCompile Include="ENomal.cpp">
      <Filter>소스 파일\02.Object\Enemy\ENormal</Filter>
    </ClCompile>
    <ClCompile Include="ObjectPool.cpp">
      <Filter>소스 파일\98.Pattern\ObjectPool</Filter>
    </ClCompile>
    <ClCompile Include="ObjectManager.cpp">
      <Filter>소스 파일\99.Manager\ObjectManager</Filter>
    </ClCompile>
    <ClCompile Include="Stage.cpp">
      <Filter>소스 파일\01.Scene\Stage</Filter>
    </ClCompile>
    <ClCompile Include="Bullet.cpp">
      <Filter>소스 파일\02.Object\Bullet</Filter>
    </ClCompile>
  </ItemGroup>
  <ItemGroup>
    <ClInclude Include="Enums.h">
      <Filter>헤더 파일\Include</Filter>
    </ClInclude>
    <ClInclude Include="MainUpdate.h">
      <Filter>소스 파일\00.MainUpdate</Filter>
    </ClInclude>
    <ClInclude Include="SceneManager.h">
      <Filter>소스 파일\99.Manager\SceneManager</Filter>
    </ClInclude>
    <ClInclude Include="CursorManager.h">
      <Filter>소스 파일\99.Manager\CursorManager</Filter>
    </ClInclude>
    <ClInclude Include="Struct.h">
      <Filter>헤더 파일\Include</Filter>
    </ClInclude>
    <ClInclude Include="Constant.h">
      <Filter>헤더 파일\Include</Filter>
    </ClInclude>
    <ClInclude Include="Scene.h">
      <Filter>소스 파일\01.Scene</Filter>
    </ClInclude>
    <ClInclude Include="Logo.h">
      <Filter>소스 파일\01.Scene\Logo</Filter>
    </ClInclude>
    <ClInclude Include="Define.h">
      <Filter>헤더 파일\Include</Filter>
    </ClInclude>
    <ClInclude Include="LogoImage.h">
      <Filter>소스 파일\01.Scene\Logo\LogoImage</Filter>
    </ClInclude>
    <ClInclude Include="InputManager.h">
      <Filter>소스 파일\99.Manager\InputManager</Filter>
    </ClInclude>
    <ClInclude Include="Menu.h">
      <Filter>소스 파일\01.Scene\Menu</Filter>
    </ClInclude>
    <ClInclude Include="BackGround.h">
      <Filter>소스 파일\99.Manager\BackGround</Filter>
    </ClInclude>
    <ClInclude Include="BGIcon.h">
      <Filter>소스 파일\99.Manager\BackGround\BGIcon</Filter>
    </ClInclude>
    <ClInclude Include="Warning.h">
      <Filter>소스 파일\01.Scene\WarningSelection</Filter>
    </ClInclude>
    <ClInclude Include="WeaponSelect.h">
      <Filter>소스 파일\01.Scene\WeaponSelect</Filter>
    </ClInclude>
    <ClInclude Include="UserInstance.h">
      <Filter>소스 파일\99.Manager\UserInstance</Filter>
    </ClInclude>
    <ClInclude Include="Object.h">
      <Filter>소스 파일\02.Object</Filter>
    </ClInclude>
    <ClInclude Include="Player.h">
      <Filter>소스 파일\02.Object\Player</Filter>
    </ClInclude>
    <ClInclude Include="Prototype.h">
      <Filter>소스 파일\98.Pattern\Proto</Filter>
    </ClInclude>
    <ClInclude Include="NormalBullet.h">
      <Filter>소스 파일\02.Object\Bullet\BulletBridge\NomalBullet</Filter>
    </ClInclude>
    <ClInclude Include="Enemy.h">
      <Filter>소스 파일\02.Object\Enemy</Filter>
    </ClInclude>
    <ClInclude Include="Headers.h">
      <Filter>헤더 파일</Filter>
    </ClInclude>
    <ClInclude Include="ENomal.h">
      <Filter>소스 파일\02.Object\Enemy\ENormal</Filter>
    </ClInclude>
    <ClInclude Include="ObjectPool.h">
      <Filter>소스 파일\98.Pattern\ObjectPool</Filter>
    </ClInclude>
    <ClInclude Include="ObjectManager.h">
      <Filter>소스 파일\99.Manager\ObjectManager</Filter>
    </ClInclude>
    <ClInclude Include="Stage.h">
      <Filter>소스 파일\01.Scene\Stage</Filter>
    </ClInclude>
    <ClInclude Include="Bullet.h">
      <Filter>소스 파일\02.Object\Bullet</Filter>
    </ClInclude>
    <ClInclude Include="ObjectFactory.h">
      <Filter>소스 파일\99.Manager\ObjectFactory</Filter>
    </ClInclude>
    <ClInclude Include="MathManager.h">
      <Filter>소스 파일\99.Manager\MathManager</Filter>
    </ClInclude>
  </ItemGroup>
</Project>