<?xml version="1.0" encoding="utf-8"?>
<Project ToolsVersion="4.0" xmlns="http://schemas.microsoft.com/developer/msbuild/2003">
  <ItemGroup>
    <Filter Include="소스 파일">
      <UniqueIdentifier>{4FC737F1-C7A5-4376-A066-2A32D752A2FF}</UniqueIdentifier>
      <Extensions>cpp;c;cc;cxx;c++;cppm;ixx;def;odl;idl;hpj;bat;asm;asmx</Extensions>
    </Filter>
    <Filter Include="헤더 파일">
      <UniqueIdentifier>{93995380-89BD-4b04-88EB-625FBE52EBFB}</UniqueIdentifier>
      <Extensions>h;hh;hpp;hxx;h++;hm;inl;inc;ipp;xsd</Extensions>
    </Filter>
    <Filter Include="리소스 파일">
      <UniqueIdentifier>{67DA6AB6-F800-4c08-8B7A-83BB121AAD01}</UniqueIdentifier>
      <Extensions>rc;ico;cur;bmp;dlg;rc2;rct;bin;rgs;gif;jpg;jpeg;jpe;resx;tiff;tif;png;wav;mfcribbon-ms</Extensions>
    </Filter>
    <Filter Include="헤더 파일\Include">
      <UniqueIdentifier>{684073ae-0605-4e14-9cbd-99a49291be81}</UniqueIdentifier>
    </Filter>
    <Filter Include="소스 파일\00.MainUpdate">
      <UniqueIdentifier>{8281a90c-c6a5-4526-bde1-8c72b59a84b9}</UniqueIdentifier>
    </Filter>
    <Filter Include="소스 파일\99.Manager">
      <UniqueIdentifier>{1b83a19c-336f-46d5-ad13-32efa3e357f3}</UniqueIdentifier>
    </Filter>
    <Filter Include="소스 파일\01.Scene">
      <UniqueIdentifier>{c7ff7425-9804-4e39-b300-d08757b0e6ca}</UniqueIdentifier>
    </Filter>
    <Filter Include="소스 파일\99.Manager\InputManager">
      <UniqueIdentifier>{7e465dbf-afb0-4264-bb2e-b0fa44239fcf}</UniqueIdentifier>
    </Filter>
    <Filter Include="소스 파일\01.Scene\Option">
      <UniqueIdentifier>{17ca44dc-37c1-467d-b3ae-4757f647abe5}</UniqueIdentifier>
    </Filter>
    <Filter Include="소스 파일\99.Manager\UserInstance">
      <UniqueIdentifier>{e00e277c-1643-49a1-be83-710e4bd8663d}</UniqueIdentifier>
    </Filter>
    <Filter Include="소스 파일\02.Object">
      <UniqueIdentifier>{89798edc-291f-4203-aa05-20f55473f705}</UniqueIdentifier>
    </Filter>
    <Filter Include="소스 파일\02.Object\Player">
      <UniqueIdentifier>{920bea4a-a5f4-4acd-b920-0830c1d97af1}</UniqueIdentifier>
    </Filter>
    <Filter Include="소스 파일\98.Pattern">
      <UniqueIdentifier>{1541806e-e169-41e3-ab4a-6a2014b46e60}</UniqueIdentifier>
    </Filter>
    <Filter Include="소스 파일\98.Pattern\Proto">
      <UniqueIdentifier>{3ba2d55c-75cb-4f72-bf10-c7cfbdd1856b}</UniqueIdentifier>
    </Filter>
    <Filter Include="소스 파일\02.Object\Bullet">
      <UniqueIdentifier>{a5610b2e-3511-469c-bac4-b726179331a4}</UniqueIdentifier>
    </Filter>
    <Filter Include="소스 파일\02.Object\Enemy">
      <UniqueIdentifier>{3c2f754b-b138-4f99-b8aa-a99a09991707}</UniqueIdentifier>
    </Filter>
    <Filter Include="소스 파일\98.Pattern\ObjectPool">
      <UniqueIdentifier>{5d5a2786-9160-4bff-9de7-19c4c366bd22}</UniqueIdentifier>
    </Filter>
    <Filter Include="소스 파일\02.Object\Bullet\BulletBridge">
      <UniqueIdentifier>{2216a7b0-8ee1-4f2d-bb6c-c1b3d8e77460}</UniqueIdentifier>
    </Filter>
    <Filter Include="소스 파일\98.Pattern\Bridge">
      <UniqueIdentifier>{7f8f949a-1964-4ac4-b2d9-b4220c143e8e}</UniqueIdentifier>
    </Filter>
    <Filter Include="소스 파일\02.Object\Enemy\EnemyBridge">
      <UniqueIdentifier>{9997793a-d346-45f4-a02f-106cfb9f1aa5}</UniqueIdentifier>
    </Filter>
    <Filter Include="소스 파일\02.Object\Bullet\BulletBridge\EnemyBullet">
      <UniqueIdentifier>{54cec3ab-2301-4da8-ab14-eeb5c9ed72a4}</UniqueIdentifier>
    </Filter>
    <Filter Include="소스 파일\02.Object\Bullet\BulletBridge\PlayerBullet">
      <UniqueIdentifier>{0c52529a-f860-47f0-a2f2-0c6b147a8a58}</UniqueIdentifier>
    </Filter>
    <Filter Include="소스 파일\02.Object\Bullet\BulletBridge\PlayerBullet\LaserBullet">
      <UniqueIdentifier>{42563bed-ae89-4070-a5b8-b7331eb777b1}</UniqueIdentifier>
    </Filter>
    <Filter Include="소스 파일\02.Object\Bullet\BulletBridge\PlayerBullet\NomalBullet">
      <UniqueIdentifier>{2e3c421b-a8a9-443d-bc1b-3bad2db419de}</UniqueIdentifier>
    </Filter>
    <Filter Include="소스 파일\02.Object\Bullet\BulletBridge\EnemyBullet\ENormalBullet">
      <UniqueIdentifier>{0e5b67cf-b475-4e31-9e00-a4da67877e1f}</UniqueIdentifier>
    </Filter>
    <Filter Include="소스 파일\02.Object\Bullet\BulletBridge\EnemyBullet\ESpecialBullet">
      <UniqueIdentifier>{90b8f879-925b-4ef0-9474-4a6a6cba60e5}</UniqueIdentifier>
    </Filter>
    <Filter Include="소스 파일\02.Object\Enemy\EnemyBridge\01_NormalEnemy">
      <UniqueIdentifier>{48606c89-323c-41d7-8223-23ebf5e809b6}</UniqueIdentifier>
    </Filter>
    <Filter Include="소스 파일\02.Object\Enemy\EnemyBridge\02_SmallEnemy">
      <UniqueIdentifier>{247e7484-689b-445a-9acf-eaa7d0c67442}</UniqueIdentifier>
    </Filter>
    <Filter Include="소스 파일\02.Object\Enemy\EnemyBridge\03_BigEnemy">
      <UniqueIdentifier>{3dc9a9fd-79d7-45b0-9084-e69486805af2}</UniqueIdentifier>
    </Filter>
    <Filter Include="소스 파일\99.Manager\Object">
      <UniqueIdentifier>{79319a28-6ff1-45da-82ce-36e6eedb549b}</UniqueIdentifier>
    </Filter>
    <Filter Include="소스 파일\99.Manager\Object\ObjectManager">
      <UniqueIdentifier>{da21f5cc-e4b7-4c11-b446-ce53bd0d8594}</UniqueIdentifier>
    </Filter>
    <Filter Include="소스 파일\99.Manager\Object\BulletManager">
      <UniqueIdentifier>{5d978a15-71bd-476f-ac8a-89476c5e6c80}</UniqueIdentifier>
    </Filter>
    <Filter Include="소스 파일\99.Manager\Math">
      <UniqueIdentifier>{1fa047c9-dd1c-4e78-b6a3-5c55fef61354}</UniqueIdentifier>
    </Filter>
    <Filter Include="소스 파일\99.Manager\Math\MathManager">
      <UniqueIdentifier>{0db98196-359a-4723-9a5e-3734da2e8f07}</UniqueIdentifier>
    </Filter>
    <Filter Include="소스 파일\99.Manager\Math\CollisionManager">
      <UniqueIdentifier>{9c421ef6-19a4-41f7-9309-3bec547a1e6d}</UniqueIdentifier>
    </Filter>
    <Filter Include="소스 파일\99.Manager\Scene">
      <UniqueIdentifier>{34b527c5-489c-444d-b027-845df18855d1}</UniqueIdentifier>
    </Filter>
    <Filter Include="소스 파일\99.Manager\Scene\BackGround">
      <UniqueIdentifier>{83a33279-085c-4abe-a9ce-f2a8653e1b74}</UniqueIdentifier>
    </Filter>
    <Filter Include="소스 파일\99.Manager\Scene\BackGround\BGIcon">
      <UniqueIdentifier>{fc8ef1a9-a379-4b73-8008-e8ff231ded7c}</UniqueIdentifier>
    </Filter>
    <Filter Include="소스 파일\99.Manager\Scene\CursorManager">
      <UniqueIdentifier>{fa6d97a8-70e8-4bc6-9f8d-ed778b219675}</UniqueIdentifier>
    </Filter>
    <Filter Include="소스 파일\99.Manager\Scene\UserInterface">
      <UniqueIdentifier>{e19fcd68-2d1b-4b67-a136-17470c09873b}</UniqueIdentifier>
    </Filter>
    <Filter Include="소스 파일\99.Manager\Scene\SceneManager">
      <UniqueIdentifier>{ec629ac9-953c-4865-b5c0-fb92c8b39bf9}</UniqueIdentifier>
    </Filter>
    <Filter Include="소스 파일\99.Manager\Math\DamageManager">
      <UniqueIdentifier>{b5cb50f0-233d-4b49-b35f-f6c622ee4a30}</UniqueIdentifier>
    </Filter>
    <Filter Include="소스 파일\01.Scene\01.Logo">
      <UniqueIdentifier>{3aee61a7-0a5b-4276-9ee8-111355a0ed6e}</UniqueIdentifier>
    </Filter>
    <Filter Include="소스 파일\01.Scene\01.Logo\LogoImage">
      <UniqueIdentifier>{4fb5e354-2b83-472a-81bd-e2048a7c8cd4}</UniqueIdentifier>
    </Filter>
    <Filter Include="소스 파일\01.Scene\02.Menu">
      <UniqueIdentifier>{cd2a1338-7648-4797-9418-73c42423a7c7}</UniqueIdentifier>
    </Filter>
    <Filter Include="소스 파일\01.Scene\03.WeaponSelect">
      <UniqueIdentifier>{a549bab9-92a4-43c7-a061-8d8ead45d457}</UniqueIdentifier>
    </Filter>
    <Filter Include="소스 파일\01.Scene\04.Stage">
      <UniqueIdentifier>{f9b809c8-c585-46c0-8395-5bc499c95403}</UniqueIdentifier>
    </Filter>
    <Filter Include="소스 파일\01.Scene\04.Stage\Stage1">
      <UniqueIdentifier>{aefdca47-e064-4990-b667-a2dedf25b238}</UniqueIdentifier>
    </Filter>
    <Filter Include="소스 파일\01.Scene\99.Warning">
      <UniqueIdentifier>{39659dc9-ee8a-4f85-b3f9-89354827e22c}</UniqueIdentifier>
    </Filter>
    <Filter Include="소스 파일\02.Object\Enemy\EnemyBridge\11_Boss">
      <UniqueIdentifier>{a1a323c3-06ca-479c-9178-2e9c44201943}</UniqueIdentifier>
    </Filter>
    <Filter Include="소스 파일\02.Object\Enemy\EnemyBridge\11_Boss\Stage1">
      <UniqueIdentifier>{70168d15-d88a-4df4-beff-1298c0c4e971}</UniqueIdentifier>
    </Filter>
    <Filter Include="소스 파일\02.Object\Enemy\EnemyBridge\11_Boss\Stage1\02.Head">
      <UniqueIdentifier>{4136cc56-aa62-480a-b24b-d4cd98eb944c}</UniqueIdentifier>
    </Filter>
    <Filter Include="소스 파일\02.Object\Enemy\EnemyBridge\11_Boss\Stage1\01.Core">
      <UniqueIdentifier>{679d8c44-955c-43a2-8878-a87d3e193dd8}</UniqueIdentifier>
    </Filter>
    <Filter Include="소스 파일\02.Object\Enemy\EnemyBridge\11_Boss\Stage1\03.Arm_Left">
      <UniqueIdentifier>{5fcd02f4-6404-4bff-aa50-0f24d285d7e3}</UniqueIdentifier>
    </Filter>
    <Filter Include="소스 파일\02.Object\Enemy\EnemyBridge\11_Boss\Stage1\04.Arm_Right">
      <UniqueIdentifier>{daaea82c-44b9-4f2a-b5a9-f7bd045be87d}</UniqueIdentifier>
    </Filter>
    <Filter Include="소스 파일\02.Object\Enemy\EnemyBridge\11_Boss\Stage1\05.Shield_Left">
      <UniqueIdentifier>{0dc5b613-33b0-443b-a4cf-1f88d5d4652f}</UniqueIdentifier>
    </Filter>
    <Filter Include="소스 파일\02.Object\Enemy\EnemyBridge\11_Boss\Stage1\06.Shield_Right">
      <UniqueIdentifier>{c023da86-c43c-45ac-adda-d9661c22255d}</UniqueIdentifier>
    </Filter>
    <Filter Include="소스 파일\02.Object\Bullet\Boom">
      <UniqueIdentifier>{39b695de-f2f4-4cd9-bd35-e9b5a504cd77}</UniqueIdentifier>
    </Filter>
  </ItemGroup>
  <ItemGroup>
    <ClCompile Include="Main.cpp">
      <Filter>소스 파일</Filter>
    </ClCompile>
    <ClCompile Include="MainUpdate.cpp">
      <Filter>소스 파일\00.MainUpdate</Filter>
    </ClCompile>
    <ClCompile Include="SceneManager.cpp">
      <Filter>소스 파일\99.Manager\Scene\SceneManager</Filter>
    </ClCompile>
    <ClCompile Include="CursorManager.cpp">
      <Filter>소스 파일\99.Manager\Scene\CursorManager</Filter>
    </ClCompile>
    <ClCompile Include="Scene.cpp">
      <Filter>소스 파일\01.Scene</Filter>
    </ClCompile>
    <ClCompile Include="Logo.cpp">
      <Filter>소스 파일\01.Scene\01.Logo</Filter>
    </ClCompile>
    <ClCompile Include="InputManager.cpp">
      <Filter>소스 파일\99.Manager\InputManager</Filter>
    </ClCompile>
    <ClCompile Include="Menu.cpp">
      <Filter>소스 파일\01.Scene\02.Menu</Filter>
    </ClCompile>
    <ClCompile Include="BackGround.cpp">
      <Filter>소스 파일\99.Manager\Scene\BackGround</Filter>
    </ClCompile>
    <ClCompile Include="BGIcon.cpp">
      <Filter>소스 파일\99.Manager\Scene\BackGround\BGIcon</Filter>
    </ClCompile>
    <ClCompile Include="LogoImage.cpp">
      <Filter>소스 파일\01.Scene\01.Logo\LogoImage</Filter>
    </ClCompile>
    <ClCompile Include="Warning.cpp">
      <Filter>소스 파일\01.Scene\99.Warning</Filter>
    </ClCompile>
    <ClCompile Include="WeaponSelect.cpp">
      <Filter>소스 파일\01.Scene\03.WeaponSelect</Filter>
    </ClCompile>
    <ClCompile Include="UserInstance.cpp">
      <Filter>소스 파일\99.Manager\UserInstance</Filter>
    </ClCompile>
    <ClCompile Include="Object.cpp">
      <Filter>소스 파일\02.Object</Filter>
    </ClCompile>
    <ClCompile Include="Player.cpp">
      <Filter>소스 파일\02.Object\Player</Filter>
    </ClCompile>
    <ClCompile Include="Prototype.cpp">
      <Filter>소스 파일\98.Pattern\Proto</Filter>
    </ClCompile>
    <ClCompile Include="NormalBullet.cpp">
      <Filter>소스 파일\02.Object\Bullet\BulletBridge\PlayerBullet\NomalBullet</Filter>
    </ClCompile>
    <ClCompile Include="Enemy.cpp">
      <Filter>소스 파일\02.Object\Enemy</Filter>
    </ClCompile>
    <ClCompile Include="NormalEnemy.cpp">
      <Filter>소스 파일\02.Object\Enemy\EnemyBridge\01_NormalEnemy</Filter>
    </ClCompile>
    <ClCompile Include="ObjectPool.cpp">
      <Filter>소스 파일\98.Pattern\ObjectPool</Filter>
    </ClCompile>
    <ClCompile Include="ObjectManager.cpp">
      <Filter>소스 파일\99.Manager\Object\ObjectManager</Filter>
    </ClCompile>
    <ClCompile Include="Stage.cpp">
      <Filter>소스 파일\01.Scene\04.Stage</Filter>
    </ClCompile>
    <ClCompile Include="Bullet.cpp">
      <Filter>소스 파일\02.Object\Bullet</Filter>
    </ClCompile>
    <ClCompile Include="LaserBullet.cpp">
      <Filter>소스 파일\02.Object\Bullet\BulletBridge\PlayerBullet\LaserBullet</Filter>
    </ClCompile>
    <ClCompile Include="BulletManager.cpp">
      <Filter>소스 파일\99.Manager\Object\BulletManager</Filter>
    </ClCompile>
    <ClCompile Include="ENormalBullet.cpp">
      <Filter>소스 파일\02.Object\Bullet\BulletBridge\EnemyBullet\ENormalBullet</Filter>
    </ClCompile>
    <ClCompile Include="Stage1.cpp">
      <Filter>소스 파일\01.Scene\04.Stage\Stage1</Filter>
    </ClCompile>
    <ClCompile Include="SmallEnemy.cpp">
      <Filter>소스 파일\02.Object\Enemy\EnemyBridge\02_SmallEnemy</Filter>
    </ClCompile>
    <ClCompile Include="EnemyBridge.cpp">
      <Filter>소스 파일\02.Object\Enemy\EnemyBridge</Filter>
    </ClCompile>
    <ClCompile Include="BigEnemy.cpp">
      <Filter>소스 파일\02.Object\Enemy\EnemyBridge\03_BigEnemy</Filter>
    </ClCompile>
    <ClCompile Include="Stage1_Boss_Core.cpp">
      <Filter>소스 파일\02.Object\Enemy\EnemyBridge\11_Boss\Stage1\01.Core</Filter>
    </ClCompile>
    <ClCompile Include="Stage1_Boss_Head.cpp">
      <Filter>소스 파일\02.Object\Enemy\EnemyBridge\11_Boss\Stage1\02.Head</Filter>
    </ClCompile>
    <ClCompile Include="Stage1_Boss.cpp">
      <Filter>소스 파일\02.Object\Enemy\EnemyBridge\11_Boss\Stage1</Filter>
    </ClCompile>
    <ClCompile Include="Stage1_Boss_Arm_Left.cpp">
      <Filter>소스 파일\02.Object\Enemy\EnemyBridge\11_Boss\Stage1\03.Arm_Left</Filter>
    </ClCompile>
    <ClCompile Include="Stage1_Boss_Arm_Right.cpp">
      <Filter>소스 파일\02.Object\Enemy\EnemyBridge\11_Boss\Stage1\04.Arm_Right</Filter>
    </ClCompile>
    <ClCompile Include="Stage1_Boss_Shield_Left.cpp">
      <Filter>소스 파일\02.Object\Enemy\EnemyBridge\11_Boss\Stage1\05.Shield_Left</Filter>
    </ClCompile>
    <ClCompile Include="Stage1_Boss_Shield_Right.cpp">
      <Filter>소스 파일\02.Object\Enemy\EnemyBridge\11_Boss\Stage1\06.Shield_Right</Filter>
    </ClCompile>
    <ClCompile Include="Boom.cpp">
      <Filter>소스 파일\02.Object\Bullet\Boom</Filter>
    </ClCompile>
  </ItemGroup>
  <ItemGroup>
    <ClInclude Include="Enums.h">
      <Filter>헤더 파일\Include</Filter>
    </ClInclude>
    <ClInclude Include="MainUpdate.h">
      <Filter>소스 파일\00.MainUpdate</Filter>
    </ClInclude>
    <ClInclude Include="SceneManager.h">
      <Filter>소스 파일\99.Manager\Scene\SceneManager</Filter>
    </ClInclude>
    <ClInclude Include="CursorManager.h">
      <Filter>소스 파일\99.Manager\Scene\CursorManager</Filter>
    </ClInclude>
    <ClInclude Include="Struct.h">
      <Filter>헤더 파일\Include</Filter>
    </ClInclude>
    <ClInclude Include="Constant.h">
      <Filter>헤더 파일\Include</Filter>
    </ClInclude>
    <ClInclude Include="Scene.h">
      <Filter>소스 파일\01.Scene</Filter>
    </ClInclude>
    <ClInclude Include="Logo.h">
      <Filter>소스 파일\01.Scene\01.Logo</Filter>
    </ClInclude>
    <ClInclude Include="Define.h">
      <Filter>헤더 파일\Include</Filter>
    </ClInclude>
    <ClInclude Include="LogoImage.h">
      <Filter>소스 파일\01.Scene\01.Logo\LogoImage</Filter>
    </ClInclude>
    <ClInclude Include="InputManager.h">
      <Filter>소스 파일\99.Manager\InputManager</Filter>
    </ClInclude>
    <ClInclude Include="Menu.h">
      <Filter>소스 파일\01.Scene\02.Menu</Filter>
    </ClInclude>
    <ClInclude Include="BackGround.h">
      <Filter>소스 파일\99.Manager\Scene\BackGround</Filter>
    </ClInclude>
    <ClInclude Include="BGIcon.h">
      <Filter>소스 파일\99.Manager\Scene\BackGround\BGIcon</Filter>
    </ClInclude>
    <ClInclude Include="Warning.h">
      <Filter>소스 파일\01.Scene\99.Warning</Filter>
    </ClInclude>
    <ClInclude Include="WeaponSelect.h">
      <Filter>소스 파일\01.Scene\03.WeaponSelect</Filter>
    </ClInclude>
    <ClInclude Include="UserInstance.h">
      <Filter>소스 파일\99.Manager\UserInstance</Filter>
    </ClInclude>
    <ClInclude Include="Object.h">
      <Filter>소스 파일\02.Object</Filter>
    </ClInclude>
    <ClInclude Include="Player.h">
      <Filter>소스 파일\02.Object\Player</Filter>
    </ClInclude>
    <ClInclude Include="Prototype.h">
      <Filter>소스 파일\98.Pattern\Proto</Filter>
    </ClInclude>
    <ClInclude Include="NormalBullet.h">
      <Filter>소스 파일\02.Object\Bullet\BulletBridge\PlayerBullet\NomalBullet</Filter>
    </ClInclude>
    <ClInclude Include="Enemy.h">
      <Filter>소스 파일\02.Object\Enemy</Filter>
    </ClInclude>
    <ClInclude Include="Headers.h">
      <Filter>헤더 파일</Filter>
    </ClInclude>
    <ClInclude Include="NormalEnemy.h">
      <Filter>소스 파일\02.Object\Enemy\EnemyBridge\01_NormalEnemy</Filter>
    </ClInclude>
    <ClInclude Include="ObjectPool.h">
      <Filter>소스 파일\98.Pattern\ObjectPool</Filter>
    </ClInclude>
    <ClInclude Include="ObjectManager.h">
      <Filter>소스 파일\99.Manager\Object\ObjectManager</Filter>
    </ClInclude>
    <ClInclude Include="Stage.h">
      <Filter>소스 파일\01.Scene\04.Stage</Filter>
    </ClInclude>
    <ClInclude Include="Bullet.h">
      <Filter>소스 파일\02.Object\Bullet</Filter>
    </ClInclude>
    <ClInclude Include="MathManager.h">
      <Filter>소스 파일\99.Manager\Math\MathManager</Filter>
    </ClInclude>
    <ClInclude Include="CollisionManager.h">
      <Filter>소스 파일\99.Manager\Math\CollisionManager</Filter>
    </ClInclude>
    <ClInclude Include="LaserBullet.h">
      <Filter>소스 파일\02.Object\Bullet\BulletBridge\PlayerBullet\LaserBullet</Filter>
    </ClInclude>
    <ClInclude Include="Bridge.h">
      <Filter>소스 파일\98.Pattern\Bridge</Filter>
    </ClInclude>
    <ClInclude Include="BulletBridge.h">
      <Filter>소스 파일\02.Object\Bullet\BulletBridge</Filter>
    </ClInclude>
    <ClInclude Include="BulletManager.h">
      <Filter>소스 파일\99.Manager\Object\BulletManager</Filter>
    </ClInclude>
    <ClInclude Include="EnemyBridge.h">
      <Filter>소스 파일\02.Object\Enemy\EnemyBridge</Filter>
    </ClInclude>
    <ClInclude Include="ENormalBullet.h">
      <Filter>소스 파일\02.Object\Bullet\BulletBridge\EnemyBullet\ENormalBullet</Filter>
    </ClInclude>
    <ClInclude Include="Stage1.h">
      <Filter>소스 파일\01.Scene\04.Stage\Stage1</Filter>
    </ClInclude>
    <ClInclude Include="UserInterface.h">
      <Filter>소스 파일\99.Manager\Scene\UserInterface</Filter>
    </ClInclude>
    <ClInclude Include="SmallEnemy.h">
      <Filter>소스 파일\02.Object\Enemy\EnemyBridge\02_SmallEnemy</Filter>
    </ClInclude>
    <ClInclude Include="BigEnemy.h">
      <Filter>소스 파일\02.Object\Enemy\EnemyBridge\03_BigEnemy</Filter>
    </ClInclude>
    <ClInclude Include="DamageManager.h">
      <Filter>소스 파일\99.Manager\Math\DamageManager</Filter>
    </ClInclude>
    <ClInclude Include="Stage1_Boss_Core.h">
      <Filter>소스 파일\02.Object\Enemy\EnemyBridge\11_Boss\Stage1\01.Core</Filter>
    </ClInclude>
    <ClInclude Include="Stage1_Boss_Head.h">
      <Filter>소스 파일\02.Object\Enemy\EnemyBridge\11_Boss\Stage1\02.Head</Filter>
    </ClInclude>
    <ClInclude Include="Stage1_Boss.h">
      <Filter>소스 파일\02.Object\Enemy\EnemyBridge\11_Boss\Stage1</Filter>
    </ClInclude>
    <ClInclude Include="Stage1_Boss_Arm_Left.h">
      <Filter>소스 파일\02.Object\Enemy\EnemyBridge\11_Boss\Stage1\03.Arm_Left</Filter>
    </ClInclude>
    <ClInclude Include="Stage1_Boss_Arm_Right.h">
      <Filter>소스 파일\02.Object\Enemy\EnemyBridge\11_Boss\Stage1\04.Arm_Right</Filter>
    </ClInclude>
    <ClInclude Include="Stage1_Boss_Shield_Left.h">
      <Filter>소스 파일\02.Object\Enemy\EnemyBridge\11_Boss\Stage1\05.Shield_Left</Filter>
    </ClInclude>
    <ClInclude Include="Stage1_Boss_Shield_Right.h">
      <Filter>소스 파일\02.Object\Enemy\EnemyBridge\11_Boss\Stage1\06.Shield_Right</Filter>
    </ClInclude>
    <ClInclude Include="Boom.h">
      <Filter>소스 파일\02.Object\Bullet\Boom</Filter>
    </ClInclude>
  </ItemGroup>
</Project>